// !$*UTF8*$!
{
	archiveVersion = 1;
	classes = {
	};
	objectVersion = 50;
	objects = {

/* Begin PBXBuildFile section */
		D88591F78E346FE8D85E634B /* Pods_ProjectC.framework in Frameworks */ = {isa = PBXBuildFile; fileRef = 276DCAB724992AF852AAA52D /* Pods_ProjectC.framework */; };
		ECB46F4721ABEFE500A01F45 /* AppDelegate.swift in Sources */ = {isa = PBXBuildFile; fileRef = ECB46F4621ABEFE500A01F45 /* AppDelegate.swift */; };
		ECB46F4921ABEFE500A01F45 /* ViewController.swift in Sources */ = {isa = PBXBuildFile; fileRef = ECB46F4821ABEFE500A01F45 /* ViewController.swift */; };
		ECB46F4C21ABEFE500A01F45 /* Main.storyboard in Resources */ = {isa = PBXBuildFile; fileRef = ECB46F4A21ABEFE500A01F45 /* Main.storyboard */; };
		ECB46F4F21ABEFE500A01F45 /* ProjectC.xcdatamodeld in Sources */ = {isa = PBXBuildFile; fileRef = ECB46F4D21ABEFE500A01F45 /* ProjectC.xcdatamodeld */; };
		ECB46F5121ABEFE600A01F45 /* Assets.xcassets in Resources */ = {isa = PBXBuildFile; fileRef = ECB46F5021ABEFE600A01F45 /* Assets.xcassets */; };
		ECB46F5421ABEFE600A01F45 /* LaunchScreen.storyboard in Resources */ = {isa = PBXBuildFile; fileRef = ECB46F5221ABEFE600A01F45 /* LaunchScreen.storyboard */; };
		ECB46F5F21ABEFE600A01F45 /* ProjectCTests.swift in Sources */ = {isa = PBXBuildFile; fileRef = ECB46F5E21ABEFE600A01F45 /* ProjectCTests.swift */; };
		ECB46F6A21ABEFE600A01F45 /* ProjectCUITests.swift in Sources */ = {isa = PBXBuildFile; fileRef = ECB46F6921ABEFE600A01F45 /* ProjectCUITests.swift */; };
/* End PBXBuildFile section */

/* Begin PBXContainerItemProxy section */
		ECB46F5B21ABEFE600A01F45 /* PBXContainerItemProxy */ = {
			isa = PBXContainerItemProxy;
			containerPortal = ECB46F3B21ABEFE500A01F45 /* Project object */;
			proxyType = 1;
			remoteGlobalIDString = ECB46F4221ABEFE500A01F45;
			remoteInfo = ProjectC;
		};
		ECB46F6621ABEFE600A01F45 /* PBXContainerItemProxy */ = {
			isa = PBXContainerItemProxy;
			containerPortal = ECB46F3B21ABEFE500A01F45 /* Project object */;
			proxyType = 1;
			remoteGlobalIDString = ECB46F4221ABEFE500A01F45;
			remoteInfo = ProjectC;
		};
/* End PBXContainerItemProxy section */

/* Begin PBXFileReference section */
		276DCAB724992AF852AAA52D /* Pods_ProjectC.framework */ = {isa = PBXFileReference; explicitFileType = wrapper.framework; includeInIndex = 0; path = Pods_ProjectC.framework; sourceTree = BUILT_PRODUCTS_DIR; };
		5AA3C775D636CD4D7CC68A55 /* Pods-ProjectC.debug.xcconfig */ = {isa = PBXFileReference; includeInIndex = 1; lastKnownFileType = text.xcconfig; name = "Pods-ProjectC.debug.xcconfig"; path = "../../Pods/Target Support Files/Pods-ProjectC/Pods-ProjectC.debug.xcconfig"; sourceTree = "<group>"; };
		6102C9A5AE5FF0FF25B3ACB9 /* Pods-ProjectC.release.xcconfig */ = {isa = PBXFileReference; includeInIndex = 1; lastKnownFileType = text.xcconfig; name = "Pods-ProjectC.release.xcconfig"; path = "../../Pods/Target Support Files/Pods-ProjectC/Pods-ProjectC.release.xcconfig"; sourceTree = "<group>"; };
		ECB46F4321ABEFE500A01F45 /* ProjectC.app */ = {isa = PBXFileReference; explicitFileType = wrapper.application; includeInIndex = 0; path = ProjectC.app; sourceTree = BUILT_PRODUCTS_DIR; };
		ECB46F4621ABEFE500A01F45 /* AppDelegate.swift */ = {isa = PBXFileReference; lastKnownFileType = sourcecode.swift; path = AppDelegate.swift; sourceTree = "<group>"; };
		ECB46F4821ABEFE500A01F45 /* ViewController.swift */ = {isa = PBXFileReference; lastKnownFileType = sourcecode.swift; path = ViewController.swift; sourceTree = "<group>"; };
		ECB46F4B21ABEFE500A01F45 /* Base */ = {isa = PBXFileReference; lastKnownFileType = file.storyboard; name = Base; path = Base.lproj/Main.storyboard; sourceTree = "<group>"; };
		ECB46F4E21ABEFE500A01F45 /* ProjectC.xcdatamodel */ = {isa = PBXFileReference; lastKnownFileType = wrapper.xcdatamodel; path = ProjectC.xcdatamodel; sourceTree = "<group>"; };
		ECB46F5021ABEFE600A01F45 /* Assets.xcassets */ = {isa = PBXFileReference; lastKnownFileType = folder.assetcatalog; path = Assets.xcassets; sourceTree = "<group>"; };
		ECB46F5321ABEFE600A01F45 /* Base */ = {isa = PBXFileReference; lastKnownFileType = file.storyboard; name = Base; path = Base.lproj/LaunchScreen.storyboard; sourceTree = "<group>"; };
		ECB46F5521ABEFE600A01F45 /* Info.plist */ = {isa = PBXFileReference; lastKnownFileType = text.plist.xml; path = Info.plist; sourceTree = "<group>"; };
		ECB46F5A21ABEFE600A01F45 /* ProjectCTests.xctest */ = {isa = PBXFileReference; explicitFileType = wrapper.cfbundle; includeInIndex = 0; path = ProjectCTests.xctest; sourceTree = BUILT_PRODUCTS_DIR; };
		ECB46F5E21ABEFE600A01F45 /* ProjectCTests.swift */ = {isa = PBXFileReference; lastKnownFileType = sourcecode.swift; path = ProjectCTests.swift; sourceTree = "<group>"; };
		ECB46F6021ABEFE600A01F45 /* Info.plist */ = {isa = PBXFileReference; lastKnownFileType = text.plist.xml; path = Info.plist; sourceTree = "<group>"; };
		ECB46F6521ABEFE600A01F45 /* ProjectCUITests.xctest */ = {isa = PBXFileReference; explicitFileType = wrapper.cfbundle; includeInIndex = 0; path = ProjectCUITests.xctest; sourceTree = BUILT_PRODUCTS_DIR; };
		ECB46F6921ABEFE600A01F45 /* ProjectCUITests.swift */ = {isa = PBXFileReference; lastKnownFileType = sourcecode.swift; path = ProjectCUITests.swift; sourceTree = "<group>"; };
		ECB46F6B21ABEFE600A01F45 /* Info.plist */ = {isa = PBXFileReference; lastKnownFileType = text.plist.xml; path = Info.plist; sourceTree = "<group>"; };
/* End PBXFileReference section */

/* Begin PBXFrameworksBuildPhase section */
		ECB46F4021ABEFE500A01F45 /* Frameworks */ = {
			isa = PBXFrameworksBuildPhase;
			buildActionMask = 2147483647;
			files = (
				D88591F78E346FE8D85E634B /* Pods_ProjectC.framework in Frameworks */,
			);
			runOnlyForDeploymentPostprocessing = 0;
		};
		ECB46F5721ABEFE600A01F45 /* Frameworks */ = {
			isa = PBXFrameworksBuildPhase;
			buildActionMask = 2147483647;
			files = (
			);
			runOnlyForDeploymentPostprocessing = 0;
		};
		ECB46F6221ABEFE600A01F45 /* Frameworks */ = {
			isa = PBXFrameworksBuildPhase;
			buildActionMask = 2147483647;
			files = (
			);
			runOnlyForDeploymentPostprocessing = 0;
		};
/* End PBXFrameworksBuildPhase section */

/* Begin PBXGroup section */
		7BFDAF72EF07C1AC7001557A /* Pods */ = {
			isa = PBXGroup;
			children = (
				5AA3C775D636CD4D7CC68A55 /* Pods-ProjectC.debug.xcconfig */,
				6102C9A5AE5FF0FF25B3ACB9 /* Pods-ProjectC.release.xcconfig */,
			);
			name = Pods;
			sourceTree = "<group>";
		};
		86483736B360FDA1A011E4BA /* Frameworks */ = {
			isa = PBXGroup;
			children = (
				276DCAB724992AF852AAA52D /* Pods_ProjectC.framework */,
			);
			name = Frameworks;
			sourceTree = "<group>";
		};
		ECB46F3A21ABEFE500A01F45 = {
			isa = PBXGroup;
			children = (
				ECB46F4521ABEFE500A01F45 /* ProjectC */,
				ECB46F5D21ABEFE600A01F45 /* ProjectCTests */,
				ECB46F6821ABEFE600A01F45 /* ProjectCUITests */,
				ECB46F4421ABEFE500A01F45 /* Products */,
				7BFDAF72EF07C1AC7001557A /* Pods */,
				86483736B360FDA1A011E4BA /* Frameworks */,
			);
			sourceTree = "<group>";
		};
		ECB46F4421ABEFE500A01F45 /* Products */ = {
			isa = PBXGroup;
			children = (
				ECB46F4321ABEFE500A01F45 /* ProjectC.app */,
				ECB46F5A21ABEFE600A01F45 /* ProjectCTests.xctest */,
				ECB46F6521ABEFE600A01F45 /* ProjectCUITests.xctest */,
			);
			name = Products;
			sourceTree = "<group>";
		};
		ECB46F4521ABEFE500A01F45 /* ProjectC */ = {
			isa = PBXGroup;
			children = (
				ECB46F4621ABEFE500A01F45 /* AppDelegate.swift */,
				ECB46F4821ABEFE500A01F45 /* ViewController.swift */,
				ECB46F4A21ABEFE500A01F45 /* Main.storyboard */,
				ECB46F5021ABEFE600A01F45 /* Assets.xcassets */,
				ECB46F5221ABEFE600A01F45 /* LaunchScreen.storyboard */,
				ECB46F5521ABEFE600A01F45 /* Info.plist */,
				ECB46F4D21ABEFE500A01F45 /* ProjectC.xcdatamodeld */,
			);
			path = ProjectC;
			sourceTree = "<group>";
		};
		ECB46F5D21ABEFE600A01F45 /* ProjectCTests */ = {
			isa = PBXGroup;
			children = (
				ECB46F5E21ABEFE600A01F45 /* ProjectCTests.swift */,
				ECB46F6021ABEFE600A01F45 /* Info.plist */,
			);
			path = ProjectCTests;
			sourceTree = "<group>";
		};
		ECB46F6821ABEFE600A01F45 /* ProjectCUITests */ = {
			isa = PBXGroup;
			children = (
				ECB46F6921ABEFE600A01F45 /* ProjectCUITests.swift */,
				ECB46F6B21ABEFE600A01F45 /* Info.plist */,
			);
			path = ProjectCUITests;
			sourceTree = "<group>";
		};
/* End PBXGroup section */

/* Begin PBXNativeTarget section */
		ECB46F4221ABEFE500A01F45 /* ProjectC */ = {
			isa = PBXNativeTarget;
			buildConfigurationList = ECB46F6E21ABEFE600A01F45 /* Build configuration list for PBXNativeTarget "ProjectC" */;
			buildPhases = (
				1D3C58E033FF9B1C817F76B8 /* [CP] Check Pods Manifest.lock */,
				ECB46F3F21ABEFE500A01F45 /* Sources */,
				ECB46F4021ABEFE500A01F45 /* Frameworks */,
				ECB46F4121ABEFE500A01F45 /* Resources */,
				7FB3ACEC391BA0C9AE2E0E7F /* [CP] Embed Pods Frameworks */,
			);
			buildRules = (
			);
			dependencies = (
			);
			name = ProjectC;
			productName = ProjectC;
			productReference = ECB46F4321ABEFE500A01F45 /* ProjectC.app */;
			productType = "com.apple.product-type.application";
		};
		ECB46F5921ABEFE600A01F45 /* ProjectCTests */ = {
			isa = PBXNativeTarget;
			buildConfigurationList = ECB46F7121ABEFE600A01F45 /* Build configuration list for PBXNativeTarget "ProjectCTests" */;
			buildPhases = (
				ECB46F5621ABEFE600A01F45 /* Sources */,
				ECB46F5721ABEFE600A01F45 /* Frameworks */,
				ECB46F5821ABEFE600A01F45 /* Resources */,
			);
			buildRules = (
			);
			dependencies = (
				ECB46F5C21ABEFE600A01F45 /* PBXTargetDependency */,
			);
			name = ProjectCTests;
			productName = ProjectCTests;
			productReference = ECB46F5A21ABEFE600A01F45 /* ProjectCTests.xctest */;
			productType = "com.apple.product-type.bundle.unit-test";
		};
		ECB46F6421ABEFE600A01F45 /* ProjectCUITests */ = {
			isa = PBXNativeTarget;
			buildConfigurationList = ECB46F7421ABEFE600A01F45 /* Build configuration list for PBXNativeTarget "ProjectCUITests" */;
			buildPhases = (
				ECB46F6121ABEFE600A01F45 /* Sources */,
				ECB46F6221ABEFE600A01F45 /* Frameworks */,
				ECB46F6321ABEFE600A01F45 /* Resources */,
			);
			buildRules = (
			);
			dependencies = (
				ECB46F6721ABEFE600A01F45 /* PBXTargetDependency */,
			);
			name = ProjectCUITests;
			productName = ProjectCUITests;
			productReference = ECB46F6521ABEFE600A01F45 /* ProjectCUITests.xctest */;
			productType = "com.apple.product-type.bundle.ui-testing";
		};
/* End PBXNativeTarget section */

/* Begin PBXProject section */
		ECB46F3B21ABEFE500A01F45 /* Project object */ = {
			isa = PBXProject;
			attributes = {
				LastSwiftUpdateCheck = 1010;
				LastUpgradeCheck = 1010;
				ORGANIZATIONNAME = Olo95;
				TargetAttributes = {
					ECB46F4221ABEFE500A01F45 = {
						CreatedOnToolsVersion = 10.1;
					};
					ECB46F5921ABEFE600A01F45 = {
						CreatedOnToolsVersion = 10.1;
						TestTargetID = ECB46F4221ABEFE500A01F45;
					};
					ECB46F6421ABEFE600A01F45 = {
						CreatedOnToolsVersion = 10.1;
						TestTargetID = ECB46F4221ABEFE500A01F45;
					};
				};
			};
			buildConfigurationList = ECB46F3E21ABEFE500A01F45 /* Build configuration list for PBXProject "ProjectC" */;
			compatibilityVersion = "Xcode 9.3";
			developmentRegion = en;
			hasScannedForEncodings = 0;
			knownRegions = (
				en,
				Base,
			);
			mainGroup = ECB46F3A21ABEFE500A01F45;
			productRefGroup = ECB46F4421ABEFE500A01F45 /* Products */;
			projectDirPath = "";
			projectRoot = "";
			targets = (
				ECB46F4221ABEFE500A01F45 /* ProjectC */,
				ECB46F5921ABEFE600A01F45 /* ProjectCTests */,
				ECB46F6421ABEFE600A01F45 /* ProjectCUITests */,
			);
		};
/* End PBXProject section */

/* Begin PBXResourcesBuildPhase section */
		ECB46F4121ABEFE500A01F45 /* Resources */ = {
			isa = PBXResourcesBuildPhase;
			buildActionMask = 2147483647;
			files = (
				ECB46F5421ABEFE600A01F45 /* LaunchScreen.storyboard in Resources */,
				ECB46F5121ABEFE600A01F45 /* Assets.xcassets in Resources */,
				ECB46F4C21ABEFE500A01F45 /* Main.storyboard in Resources */,
			);
			runOnlyForDeploymentPostprocessing = 0;
		};
		ECB46F5821ABEFE600A01F45 /* Resources */ = {
			isa = PBXResourcesBuildPhase;
			buildActionMask = 2147483647;
			files = (
			);
			runOnlyForDeploymentPostprocessing = 0;
		};
		ECB46F6321ABEFE600A01F45 /* Resources */ = {
			isa = PBXResourcesBuildPhase;
			buildActionMask = 2147483647;
			files = (
			);
			runOnlyForDeploymentPostprocessing = 0;
		};
/* End PBXResourcesBuildPhase section */

/* Begin PBXShellScriptBuildPhase section */
		1D3C58E033FF9B1C817F76B8 /* [CP] Check Pods Manifest.lock */ = {
			isa = PBXShellScriptBuildPhase;
			buildActionMask = 2147483647;
			files = (
			);
			inputFileListPaths = (
			);
			inputPaths = (
				"${PODS_PODFILE_DIR_PATH}/Podfile.lock",
				"${PODS_ROOT}/Manifest.lock",
			);
			name = "[CP] Check Pods Manifest.lock";
			outputFileListPaths = (
			);
			outputPaths = (
				"$(DERIVED_FILE_DIR)/Pods-ProjectC-checkManifestLockResult.txt",
			);
			runOnlyForDeploymentPostprocessing = 0;
			shellPath = /bin/sh;
			shellScript = "diff \"${PODS_PODFILE_DIR_PATH}/Podfile.lock\" \"${PODS_ROOT}/Manifest.lock\" > /dev/null\nif [ $? != 0 ] ; then\n    # print error to STDERR\n    echo \"error: The sandbox is not in sync with the Podfile.lock. Run 'pod install' or update your CocoaPods installation.\" >&2\n    exit 1\nfi\n# This output is used by Xcode 'outputs' to avoid re-running this script phase.\necho \"SUCCESS\" > \"${SCRIPT_OUTPUT_FILE_0}\"\n";
			showEnvVarsInLog = 0;
		};
		7FB3ACEC391BA0C9AE2E0E7F /* [CP] Embed Pods Frameworks */ = {
			isa = PBXShellScriptBuildPhase;
			buildActionMask = 2147483647;
			files = (
			);
			inputFileListPaths = (
			);
			inputPaths = (
				"${SRCROOT}/../../Pods/Target Support Files/Pods-ProjectC/Pods-ProjectC-frameworks.sh",
				"${BUILT_PRODUCTS_DIR}/RxCocoa/RxCocoa.framework",
				"${BUILT_PRODUCTS_DIR}/RxSwift/RxSwift.framework",
			);
			name = "[CP] Embed Pods Frameworks";
			outputFileListPaths = (
			);
			outputPaths = (
				"${TARGET_BUILD_DIR}/${FRAMEWORKS_FOLDER_PATH}/RxCocoa.framework",
				"${TARGET_BUILD_DIR}/${FRAMEWORKS_FOLDER_PATH}/RxSwift.framework",
			);
			runOnlyForDeploymentPostprocessing = 0;
			shellPath = /bin/sh;
			shellScript = "\"${SRCROOT}/../../Pods/Target Support Files/Pods-ProjectC/Pods-ProjectC-frameworks.sh\"\n";
			showEnvVarsInLog = 0;
		};
/* End PBXShellScriptBuildPhase section */

/* Begin PBXSourcesBuildPhase section */
		ECB46F3F21ABEFE500A01F45 /* Sources */ = {
			isa = PBXSourcesBuildPhase;
			buildActionMask = 2147483647;
			files = (
				ECB46F4921ABEFE500A01F45 /* ViewController.swift in Sources */,
				ECB46F4721ABEFE500A01F45 /* AppDelegate.swift in Sources */,
				ECB46F4F21ABEFE500A01F45 /* ProjectC.xcdatamodeld in Sources */,
			);
			runOnlyForDeploymentPostprocessing = 0;
		};
		ECB46F5621ABEFE600A01F45 /* Sources */ = {
			isa = PBXSourcesBuildPhase;
			buildActionMask = 2147483647;
			files = (
				ECB46F5F21ABEFE600A01F45 /* ProjectCTests.swift in Sources */,
			);
			runOnlyForDeploymentPostprocessing = 0;
		};
		ECB46F6121ABEFE600A01F45 /* Sources */ = {
			isa = PBXSourcesBuildPhase;
			buildActionMask = 2147483647;
			files = (
				ECB46F6A21ABEFE600A01F45 /* ProjectCUITests.swift in Sources */,
			);
			runOnlyForDeploymentPostprocessing = 0;
		};
/* End PBXSourcesBuildPhase section */

/* Begin PBXTargetDependency section */
		ECB46F5C21ABEFE600A01F45 /* PBXTargetDependency */ = {
			isa = PBXTargetDependency;
			target = ECB46F4221ABEFE500A01F45 /* ProjectC */;
			targetProxy = ECB46F5B21ABEFE600A01F45 /* PBXContainerItemProxy */;
		};
		ECB46F6721ABEFE600A01F45 /* PBXTargetDependency */ = {
			isa = PBXTargetDependency;
			target = ECB46F4221ABEFE500A01F45 /* ProjectC */;
			targetProxy = ECB46F6621ABEFE600A01F45 /* PBXContainerItemProxy */;
		};
/* End PBXTargetDependency section */

/* Begin PBXVariantGroup section */
		ECB46F4A21ABEFE500A01F45 /* Main.storyboard */ = {
			isa = PBXVariantGroup;
			children = (
				ECB46F4B21ABEFE500A01F45 /* Base */,
			);
			name = Main.storyboard;
			sourceTree = "<group>";
		};
		ECB46F5221ABEFE600A01F45 /* LaunchScreen.storyboard */ = {
			isa = PBXVariantGroup;
			children = (
				ECB46F5321ABEFE600A01F45 /* Base */,
			);
			name = LaunchScreen.storyboard;
			sourceTree = "<group>";
		};
/* End PBXVariantGroup section */

/* Begin XCBuildConfiguration section */
		ECB46F6C21ABEFE600A01F45 /* Debug */ = {
			isa = XCBuildConfiguration;
			buildSettings = {
				ALWAYS_SEARCH_USER_PATHS = NO;
				CLANG_ANALYZER_NONNULL = YES;
				CLANG_ANALYZER_NUMBER_OBJECT_CONVERSION = YES_AGGRESSIVE;
				CLANG_CXX_LANGUAGE_STANDARD = "gnu++14";
				CLANG_CXX_LIBRARY = "libc++";
				CLANG_ENABLE_MODULES = YES;
				CLANG_ENABLE_OBJC_ARC = YES;
				CLANG_ENABLE_OBJC_WEAK = YES;
				CLANG_WARN_BLOCK_CAPTURE_AUTORELEASING = YES;
				CLANG_WARN_BOOL_CONVERSION = YES;
				CLANG_WARN_COMMA = YES;
				CLANG_WARN_CONSTANT_CONVERSION = YES;
				CLANG_WARN_DEPRECATED_OBJC_IMPLEMENTATIONS = YES;
				CLANG_WARN_DIRECT_OBJC_ISA_USAGE = YES_ERROR;
				CLANG_WARN_DOCUMENTATION_COMMENTS = YES;
				CLANG_WARN_EMPTY_BODY = YES;
				CLANG_WARN_ENUM_CONVERSION = YES;
				CLANG_WARN_INFINITE_RECURSION = YES;
				CLANG_WARN_INT_CONVERSION = YES;
				CLANG_WARN_NON_LITERAL_NULL_CONVERSION = YES;
				CLANG_WARN_OBJC_IMPLICIT_RETAIN_SELF = YES;
				CLANG_WARN_OBJC_LITERAL_CONVERSION = YES;
				CLANG_WARN_OBJC_ROOT_CLASS = YES_ERROR;
				CLANG_WARN_RANGE_LOOP_ANALYSIS = YES;
				CLANG_WARN_STRICT_PROTOTYPES = YES;
				CLANG_WARN_SUSPICIOUS_MOVE = YES;
				CLANG_WARN_UNGUARDED_AVAILABILITY = YES_AGGRESSIVE;
				CLANG_WARN_UNREACHABLE_CODE = YES;
				CLANG_WARN__DUPLICATE_METHOD_MATCH = YES;
				CODE_SIGN_IDENTITY = "iPhone Developer";
				COPY_PHASE_STRIP = NO;
				DEBUG_INFORMATION_FORMAT = dwarf;
				ENABLE_STRICT_OBJC_MSGSEND = YES;
				ENABLE_TESTABILITY = YES;
				GCC_C_LANGUAGE_STANDARD = gnu11;
				GCC_DYNAMIC_NO_PIC = NO;
				GCC_NO_COMMON_BLOCKS = YES;
				GCC_OPTIMIZATION_LEVEL = 0;
				GCC_PREPROCESSOR_DEFINITIONS = (
					"DEBUG=1",
					"$(inherited)",
				);
				GCC_WARN_64_TO_32_BIT_CONVERSION = YES;
				GCC_WARN_ABOUT_RETURN_TYPE = YES_ERROR;
				GCC_WARN_UNDECLARED_SELECTOR = YES;
				GCC_WARN_UNINITIALIZED_AUTOS = YES_AGGRESSIVE;
				GCC_WARN_UNUSED_FUNCTION = YES;
				GCC_WARN_UNUSED_VARIABLE = YES;
				IPHONEOS_DEPLOYMENT_TARGET = 12.1;
				MTL_ENABLE_DEBUG_INFO = INCLUDE_SOURCE;
				MTL_FAST_MATH = YES;
				ONLY_ACTIVE_ARCH = YES;
				SDKROOT = iphoneos;
				SWIFT_ACTIVE_COMPILATION_CONDITIONS = DEBUG;
				SWIFT_OPTIMIZATION_LEVEL = "-Onone";
			};
			name = Debug;
		};
		ECB46F6D21ABEFE600A01F45 /* Release */ = {
			isa = XCBuildConfiguration;
			buildSettings = {
				ALWAYS_SEARCH_USER_PATHS = NO;
				CLANG_ANALYZER_NONNULL = YES;
				CLANG_ANALYZER_NUMBER_OBJECT_CONVERSION = YES_AGGRESSIVE;
				CLANG_CXX_LANGUAGE_STANDARD = "gnu++14";
				CLANG_CXX_LIBRARY = "libc++";
				CLANG_ENABLE_MODULES = YES;
				CLANG_ENABLE_OBJC_ARC = YES;
				CLANG_ENABLE_OBJC_WEAK = YES;
				CLANG_WARN_BLOCK_CAPTURE_AUTORELEASING = YES;
				CLANG_WARN_BOOL_CONVERSION = YES;
				CLANG_WARN_COMMA = YES;
				CLANG_WARN_CONSTANT_CONVERSION = YES;
				CLANG_WARN_DEPRECATED_OBJC_IMPLEMENTATIONS = YES;
				CLANG_WARN_DIRECT_OBJC_ISA_USAGE = YES_ERROR;
				CLANG_WARN_DOCUMENTATION_COMMENTS = YES;
				CLANG_WARN_EMPTY_BODY = YES;
				CLANG_WARN_ENUM_CONVERSION = YES;
				CLANG_WARN_INFINITE_RECURSION = YES;
				CLANG_WARN_INT_CONVERSION = YES;
				CLANG_WARN_NON_LITERAL_NULL_CONVERSION = YES;
				CLANG_WARN_OBJC_IMPLICIT_RETAIN_SELF = YES;
				CLANG_WARN_OBJC_LITERAL_CONVERSION = YES;
				CLANG_WARN_OBJC_ROOT_CLASS = YES_ERROR;
				CLANG_WARN_RANGE_LOOP_ANALYSIS = YES;
				CLANG_WARN_STRICT_PROTOTYPES = YES;
				CLANG_WARN_SUSPICIOUS_MOVE = YES;
				CLANG_WARN_UNGUARDED_AVAILABILITY = YES_AGGRESSIVE;
				CLANG_WARN_UNREACHABLE_CODE = YES;
				CLANG_WARN__DUPLICATE_METHOD_MATCH = YES;
				CODE_SIGN_IDENTITY = "iPhone Developer";
				COPY_PHASE_STRIP = NO;
				DEBUG_INFORMATION_FORMAT = "dwarf-with-dsym";
				ENABLE_NS_ASSERTIONS = NO;
				ENABLE_STRICT_OBJC_MSGSEND = YES;
				GCC_C_LANGUAGE_STANDARD = gnu11;
				GCC_NO_COMMON_BLOCKS = YES;
				GCC_WARN_64_TO_32_BIT_CONVERSION = YES;
				GCC_WARN_ABOUT_RETURN_TYPE = YES_ERROR;
				GCC_WARN_UNDECLARED_SELECTOR = YES;
				GCC_WARN_UNINITIALIZED_AUTOS = YES_AGGRESSIVE;
				GCC_WARN_UNUSED_FUNCTION = YES;
				GCC_WARN_UNUSED_VARIABLE = YES;
				IPHONEOS_DEPLOYMENT_TARGET = 12.1;
				MTL_ENABLE_DEBUG_INFO = NO;
				MTL_FAST_MATH = YES;
				SDKROOT = iphoneos;
				SWIFT_COMPILATION_MODE = wholemodule;
				SWIFT_OPTIMIZATION_LEVEL = "-O";
				VALIDATE_PRODUCT = YES;
			};
			name = Release;
		};
		ECB46F6F21ABEFE600A01F45 /* Debug */ = {
			isa = XCBuildConfiguration;
			baseConfigurationReference = 5AA3C775D636CD4D7CC68A55 /* Pods-ProjectC.debug.xcconfig */;
			buildSettings = {
				ASSETCATALOG_COMPILER_APPICON_NAME = AppIcon;
				CODE_SIGN_STYLE = Automatic;
				DEVELOPMENT_TEAM = 45V4GKCK6U;
				INFOPLIST_FILE = ProjectC/Info.plist;
				LD_RUNPATH_SEARCH_PATHS = (
					"$(inherited)",
					"@executable_path/Frameworks",
				);
				PRODUCT_BUNDLE_IDENTIFIER = Olo95.ProjectC;
				PRODUCT_NAME = "$(TARGET_NAME)";
				SWIFT_VERSION = 4.2;
				TARGETED_DEVICE_FAMILY = "1,2";
			};
			name = Debug;
		};
		ECB46F7021ABEFE600A01F45 /* Release */ = {
			isa = XCBuildConfiguration;
			baseConfigurationReference = 6102C9A5AE5FF0FF25B3ACB9 /* Pods-ProjectC.release.xcconfig */;
			buildSettings = {
				ASSETCATALOG_COMPILER_APPICON_NAME = AppIcon;
				CODE_SIGN_STYLE = Automatic;
				DEVELOPMENT_TEAM = 45V4GKCK6U;
				INFOPLIST_FILE = ProjectC/Info.plist;
				LD_RUNPATH_SEARCH_PATHS = (
					"$(inherited)",
					"@executable_path/Frameworks",
				);
				PRODUCT_BUNDLE_IDENTIFIER = Olo95.ProjectC;
				PRODUCT_NAME = "$(TARGET_NAME)";
				SWIFT_VERSION = 4.2;
				TARGETED_DEVICE_FAMILY = "1,2";
			};
			name = Release;
		};
		ECB46F7221ABEFE600A01F45 /* Debug */ = {
			isa = XCBuildConfiguration;
			buildSettings = {
				ALWAYS_EMBED_SWIFT_STANDARD_LIBRARIES = YES;
				BUNDLE_LOADER = "$(TEST_HOST)";
				CODE_SIGN_STYLE = Automatic;
				DEVELOPMENT_TEAM = 45V4GKCK6U;
				INFOPLIST_FILE = ProjectCTests/Info.plist;
				LD_RUNPATH_SEARCH_PATHS = (
					"$(inherited)",
					"@executable_path/Frameworks",
					"@loader_path/Frameworks",
				);
				PRODUCT_BUNDLE_IDENTIFIER = Olo95.ProjectCTests;
				PRODUCT_NAME = "$(TARGET_NAME)";
				SWIFT_VERSION = 4.2;
				TARGETED_DEVICE_FAMILY = "1,2";
				TEST_HOST = "$(BUILT_PRODUCTS_DIR)/ProjectC.app/ProjectC";
			};
			name = Debug;
		};
		ECB46F7321ABEFE600A01F45 /* Release */ = {
			isa = XCBuildConfiguration;
			buildSettings = {
				ALWAYS_EMBED_SWIFT_STANDARD_LIBRARIES = YES;
				BUNDLE_LOADER = "$(TEST_HOST)";
				CODE_SIGN_STYLE = Automatic;
				DEVELOPMENT_TEAM = 45V4GKCK6U;
				INFOPLIST_FILE = ProjectCTests/Info.plist;
				LD_RUNPATH_SEARCH_PATHS = (
					"$(inherited)",
					"@executable_path/Frameworks",
					"@loader_path/Frameworks",
				);
				PRODUCT_BUNDLE_IDENTIFIER = Olo95.ProjectCTests;
				PRODUCT_NAME = "$(TARGET_NAME)";
				SWIFT_VERSION = 4.2;
				TARGETED_DEVICE_FAMILY = "1,2";
				TEST_HOST = "$(BUILT_PRODUCTS_DIR)/ProjectC.app/ProjectC";
			};
			name = Release;
		};
		ECB46F7521ABEFE600A01F45 /* Debug */ = {
			isa = XCBuildConfiguration;
			buildSettings = {
				ALWAYS_EMBED_SWIFT_STANDARD_LIBRARIES = YES;
				CODE_SIGN_STYLE = Automatic;
				DEVELOPMENT_TEAM = 45V4GKCK6U;
				INFOPLIST_FILE = ProjectCUITests/Info.plist;
				LD_RUNPATH_SEARCH_PATHS = (
					"$(inherited)",
					"@executable_path/Frameworks",
					"@loader_path/Frameworks",
				);
				PRODUCT_BUNDLE_IDENTIFIER = Olo95.ProjectCUITests;
				PRODUCT_NAME = "$(TARGET_NAME)";
				SWIFT_VERSION = 4.2;
				TARGETED_DEVICE_FAMILY = "1,2";
				TEST_TARGET_NAME = ProjectC;
			};
			name = Debug;
		};
		ECB46F7621ABEFE600A01F45 /* Release */ = {
			isa = XCBuildConfiguration;
			buildSettings = {
				ALWAYS_EMBED_SWIFT_STANDARD_LIBRARIES = YES;
				CODE_SIGN_STYLE = Automatic;
				DEVELOPMENT_TEAM = 45V4GKCK6U;
				INFOPLIST_FILE = ProjectCUITests/Info.plist;
				LD_RUNPATH_SEARCH_PATHS = (
					"$(inherited)",
					"@executable_path/Frameworks",
					"@loader_path/Frameworks",
				);
				PRODUCT_BUNDLE_IDENTIFIER = Olo95.ProjectCUITests;
				PRODUCT_NAME = "$(TARGET_NAME)";
				SWIFT_VERSION = 4.2;
				TARGETED_DEVICE_FAMILY = "1,2";
				TEST_TARGET_NAME = ProjectC;
			};
			name = Release;
		};
/* End XCBuildConfiguration section */

/* Begin XCConfigurationList section */
		ECB46F3E21ABEFE500A01F45 /* Build configuration list for PBXProject "ProjectC" */ = {
			isa = XCConfigurationList;
			buildConfigurations = (
				ECB46F6C21ABEFE600A01F45 /* Debug */,
				ECB46F6D21ABEFE600A01F45 /* Release */,
			);
			defaultConfigurationIsVisible = 0;
			defaultConfigurationName = Release;
		};
		ECB46F6E21ABEFE600A01F45 /* Build configuration list for PBXNativeTarget "ProjectC" */ = {
			isa = XCConfigurationList;
			buildConfigurations = (
				ECB46F6F21ABEFE600A01F45 /* Debug */,
				ECB46F7021ABEFE600A01F45 /* Release */,
			);
			defaultConfigurationIsVisible = 0;
			defaultConfigurationName = Release;
		};
		ECB46F7121ABEFE600A01F45 /* Build configuration list for PBXNativeTarget "ProjectCTests" */ = {
			isa = XCConfigurationList;
			buildConfigurations = (
				ECB46F7221ABEFE600A01F45 /* Debug */,
				ECB46F7321ABEFE600A01F45 /* Release */,
			);
			defaultConfigurationIsVisible = 0;
			defaultConfigurationName = Release;
		};
		ECB46F7421ABEFE600A01F45 /* Build configuration list for PBXNativeTarget "ProjectCUITests" */ = {
			isa = XCConfigurationList;
			buildConfigurations = (
				ECB46F7521ABEFE600A01F45 /* Debug */,
				ECB46F7621ABEFE600A01F45 /* Release */,
			);
			defaultConfigurationIsVisible = 0;
			defaultConfigurationName = Release;
		};
/* End XCConfigurationList section */

/* Begin XCVersionGroup section */
		ECB46F4D21ABEFE500A01F45 /* ProjectC.xcdatamodeld */ = {
			isa = XCVersionGroup;
			children = (
				ECB46F4E21ABEFE500A01F45 /* ProjectC.xcdatamodel */,
			);
			currentVersion = ECB46F4E21ABEFE500A01F45 /* ProjectC.xcdatamodel */;
			path = ProjectC.xcdatamodeld;
			sourceTree = "<group>";
			versionGroupType = wrapper.xcdatamodel;
		};
/* End XCVersionGroup section */
	};
	rootObject = ECB46F3B21ABEFE500A01F45 /* Project object */;
}
